
Microsoft Visual Studio Solution File, Format Version 12.00
# Visual Studio Version 17
VisualStudioVersion = 17.10.35122.118
MinimumVisualStudioVersion = 10.0.40219.1
Project("{9A19103F-16F7-4668-BE54-9A1E7A4F7556}") = "BIGADIC_COURSE", "BIGADIC_COURSE\BIGADIC_COURSE.csproj", "{3C3E3A4C-661E-4B6E-8BF3-22C685906CB7}"
EndProject
Project("{54435603-DBB4-11D2-8724-00A0C9A8B90C}") = "BGM", "BGM\BGM.vdproj", "{93A78154-E017-4278-B000-3A6E8125FCB1}"
EndProject
Global
	GlobalSection(SolutionConfigurationPlatforms) = preSolution
		Debug|Any CPU = Debug|Any CPU
		Release|Any CPU = Release|Any CPU
	EndGlobalSection
	GlobalSection(ProjectConfigurationPlatforms) = postSolution
		{3C3E3A4C-661E-4B6E-8BF3-22C685906CB7}.Debug|Any CPU.ActiveCfg = Debug|Any CPU
		{3C3E3A4C-661E-4B6E-8BF3-22C685906CB7}.Debug|Any CPU.Build.0 = Debug|Any CPU
		{3C3E3A4C-661E-4B6E-8BF3-22C685906CB7}.Release|Any CPU.ActiveCfg = Release|Any CPU
		{3C3E3A4C-661E-4B6E-8BF3-22C685906CB7}.Release|Any CPU.Build.0 = Release|Any CPU
		{93A78154-E017-4278-B000-3A6E8125FCB1}.Debug|Any CPU.ActiveCfg = Debug
		{93A78154-E017-4278-B000-3A6E8125FCB1}.Release|Any CPU.ActiveCfg = Release
	EndGlobalSection
	GlobalSection(SolutionProperties) = preSolution
		HideSolutionNode = FALSE
	EndGlobalSection
	GlobalSection(ExtensibilityGlobals) = postSolution
		SolutionGuid = {5D8C48A4-C539-4A2C-A632-04F4C1663134}
	EndGlobalSection
EndGlobal
